
Microsoft Visual Studio Solution File, Format Version 12.00
# Visual Studio 15
VisualStudioVersion = 15.0.27703.2042
MinimumVisualStudioVersion = 10.0.40219.1
Project("{FAE04EC0-301F-11D3-BF4B-00C04F79EFBC}") = "BudnyBot", "BudnyBot\BudnyBot.csproj", "{03478F22-AD9D-4353-B37C-2EFAF719C611}"
EndProject
Global
	GlobalSection(SolutionConfigurationPlatforms) = preSolution
		Debug|Any CPU = Debug|Any CPU
		Release|Any CPU = Release|Any CPU
	EndGlobalSection
	GlobalSection(ProjectConfigurationPlatforms) = postSolution
		{03478F22-AD9D-4353-B37C-2EFAF719C611}.Debug|Any CPU.ActiveCfg = Debug|Any CPU
		{03478F22-AD9D-4353-B37C-2EFAF719C611}.Debug|Any CPU.Build.0 = Debug|Any CPU
		{03478F22-AD9D-4353-B37C-2EFAF719C611}.Release|Any CPU.ActiveCfg = Release|Any CPU
		{03478F22-AD9D-4353-B37C-2EFAF719C611}.Release|Any CPU.Build.0 = Release|Any CPU
	EndGlobalSection
	GlobalSection(SolutionProperties) = preSolution
		HideSolutionNode = FALSE
	EndGlobalSection
	GlobalSection(ExtensibilityGlobals) = postSolution
		SolutionGuid = {9B40A41A-B566-457C-8AF0-1F666E50F904}
	EndGlobalSection
EndGlobal
